// !$*UTF8*$!
{
	archiveVersion = 1;
	classes = {
	};
	objectVersion = 50;
	objects = {

/* Begin PBXBuildFile section */
		D7058263242CCF000091CE05 /* LJCloudPhone.framework in Frameworks */ = {isa = PBXBuildFile; fileRef = D7058262242CCF000091CE05 /* LJCloudPhone.framework */; };
		D74CDDB52424D6D0003173C3 /* AppDelegate.m in Sources */ = {isa = PBXBuildFile; fileRef = D74CDDB42424D6D0003173C3 /* AppDelegate.m */; };
		D74CDDBB2424D6D0003173C3 /* ViewController.m in Sources */ = {isa = PBXBuildFile; fileRef = D74CDDBA2424D6D0003173C3 /* ViewController.m */; };
		D74CDDBE2424D6D0003173C3 /* Main.storyboard in Resources */ = {isa = PBXBuildFile; fileRef = D74CDDBC2424D6D0003173C3 /* Main.storyboard */; };
		D74CDDC02424D6D1003173C3 /* Assets.xcassets in Resources */ = {isa = PBXBuildFile; fileRef = D74CDDBF2424D6D1003173C3 /* Assets.xcassets */; };
		D74CDDC32424D6D1003173C3 /* LaunchScreen.storyboard in Resources */ = {isa = PBXBuildFile; fileRef = D74CDDC12424D6D1003173C3 /* LaunchScreen.storyboard */; };
		D74CDDC62424D6D1003173C3 /* main.m in Sources */ = {isa = PBXBuildFile; fileRef = D74CDDC52424D6D1003173C3 /* main.m */; };
/* End PBXBuildFile section */

/* Begin PBXFileReference section */
		D7058262242CCF000091CE05 /* LJCloudPhone.framework */ = {isa = PBXFileReference; lastKnownFileType = wrapper.framework; path = LJCloudPhone.framework; sourceTree = "<group>"; };
		D74CDDB02424D6D0003173C3 /* TestCloudPhoneSDK.app */ = {isa = PBXFileReference; explicitFileType = wrapper.application; includeInIndex = 0; path = TestCloudPhoneSDK.app; sourceTree = BUILT_PRODUCTS_DIR; };
		D74CDDB32424D6D0003173C3 /* AppDelegate.h */ = {isa = PBXFileReference; lastKnownFileType = sourcecode.c.h; path = AppDelegate.h; sourceTree = "<group>"; };
		D74CDDB42424D6D0003173C3 /* AppDelegate.m */ = {isa = PBXFileReference; lastKnownFileType = sourcecode.c.objc; path = AppDelegate.m; sourceTree = "<group>"; };
		D74CDDB92424D6D0003173C3 /* ViewController.h */ = {isa = PBXFileReference; lastKnownFileType = sourcecode.c.h; path = ViewController.h; sourceTree = "<group>"; };
		D74CDDBA2424D6D0003173C3 /* ViewController.m */ = {isa = PBXFileReference; lastKnownFileType = sourcecode.c.objc; path = ViewController.m; sourceTree = "<group>"; };
		D74CDDBD2424D6D0003173C3 /* Base */ = {isa = PBXFileReference; lastKnownFileType = file.storyboard; name = Base; path = Base.lproj/Main.storyboard; sourceTree = "<group>"; };
		D74CDDBF2424D6D1003173C3 /* Assets.xcassets */ = {isa = PBXFileReference; lastKnownFileType = folder.assetcatalog; path = Assets.xcassets; sourceTree = "<group>"; };
		D74CDDC22424D6D1003173C3 /* Base */ = {isa = PBXFileReference; lastKnownFileType = file.storyboard; name = Base; path = Base.lproj/LaunchScreen.storyboard; sourceTree = "<group>"; };
		D74CDDC42424D6D1003173C3 /* Info.plist */ = {isa = PBXFileReference; lastKnownFileType = text.plist.xml; path = Info.plist; sourceTree = "<group>"; };
		D74CDDC52424D6D1003173C3 /* main.m */ = {isa = PBXFileReference; lastKnownFileType = sourcecode.c.objc; path = main.m; sourceTree = "<group>"; };
/* End PBXFileReference section */

/* Begin PBXFrameworksBuildPhase section */
		D74CDDAD2424D6D0003173C3 /* Frameworks */ = {
			isa = PBXFrameworksBuildPhase;
			buildActionMask = 2147483647;
			files = (
				D7058263242CCF000091CE05 /* LJCloudPhone.framework in Frameworks */,
			);
			runOnlyForDeploymentPostprocessing = 0;
		};
/* End PBXFrameworksBuildPhase section */

/* Begin PBXGroup section */
		D74CDDA72424D6D0003173C3 = {
			isa = PBXGroup;
			children = (
				D74CDDB22424D6D0003173C3 /* TestCloudPhoneSDK */,
				D74CDDB12424D6D0003173C3 /* Products */,
			);
			sourceTree = "<group>";
		};
		D74CDDB12424D6D0003173C3 /* Products */ = {
			isa = PBXGroup;
			children = (
				D74CDDB02424D6D0003173C3 /* TestCloudPhoneSDK.app */,
			);
			name = Products;
			sourceTree = "<group>";
		};
		D74CDDB22424D6D0003173C3 /* TestCloudPhoneSDK */ = {
			isa = PBXGroup;
			children = (
				D7058262242CCF000091CE05 /* LJCloudPhone.framework */,
				D74CDDB32424D6D0003173C3 /* AppDelegate.h */,
				D74CDDB42424D6D0003173C3 /* AppDelegate.m */,
				D74CDDB92424D6D0003173C3 /* ViewController.h */,
				D74CDDBA2424D6D0003173C3 /* ViewController.m */,
				D74CDDBC2424D6D0003173C3 /* Main.storyboard */,
				D74CDDBF2424D6D1003173C3 /* Assets.xcassets */,
				D74CDDC12424D6D1003173C3 /* LaunchScreen.storyboard */,
				D74CDDC42424D6D1003173C3 /* Info.plist */,
				D74CDDC52424D6D1003173C3 /* main.m */,
			);
			path = TestCloudPhoneSDK;
			sourceTree = "<group>";
		};
/* End PBXGroup section */

/* Begin PBXNativeTarget section */
		D74CDDAF2424D6D0003173C3 /* TestCloudPhoneSDK */ = {
			isa = PBXNativeTarget;
			buildConfigurationList = D74CDDC92424D6D1003173C3 /* Build configuration list for PBXNativeTarget "TestCloudPhoneSDK" */;
			buildPhases = (
				D74CDDAC2424D6D0003173C3 /* Sources */,
				D74CDDAD2424D6D0003173C3 /* Frameworks */,
				D74CDDAE2424D6D0003173C3 /* Resources */,
				D764AC0624288974001436AB /* ShellScript */,
			);
			buildRules = (
			);
			dependencies = (
			);
			name = TestCloudPhoneSDK;
			productName = TestCloudPhoneSDK;
			productReference = D74CDDB02424D6D0003173C3 /* TestCloudPhoneSDK.app */;
			productType = "com.apple.product-type.application";
		};
/* End PBXNativeTarget section */

/* Begin PBXProject section */
		D74CDDA82424D6D0003173C3 /* Project object */ = {
			isa = PBXProject;
			attributes = {
				LastUpgradeCheck = 1110;
				ORGANIZATIONNAME = htrdit;
				TargetAttributes = {
					D74CDDAF2424D6D0003173C3 = {
						CreatedOnToolsVersion = 11.1;
					};
				};
			};
			buildConfigurationList = D74CDDAB2424D6D0003173C3 /* Build configuration list for PBXProject "TestCloudPhoneSDK" */;
			compatibilityVersion = "Xcode 9.3";
			developmentRegion = en;
			hasScannedForEncodings = 0;
			knownRegions = (
				en,
				Base,
			);
			mainGroup = D74CDDA72424D6D0003173C3;
			productRefGroup = D74CDDB12424D6D0003173C3 /* Products */;
			projectDirPath = "";
			projectRoot = "";
			targets = (
				D74CDDAF2424D6D0003173C3 /* TestCloudPhoneSDK */,
			);
		};
/* End PBXProject section */

/* Begin PBXResourcesBuildPhase section */
		D74CDDAE2424D6D0003173C3 /* Resources */ = {
			isa = PBXResourcesBuildPhase;
			buildActionMask = 2147483647;
			files = (
				D74CDDC32424D6D1003173C3 /* LaunchScreen.storyboard in Resources */,
				D74CDDC02424D6D1003173C3 /* Assets.xcassets in Resources */,
				D74CDDBE2424D6D0003173C3 /* Main.storyboard in Resources */,
			);
			runOnlyForDeploymentPostprocessing = 0;
		};
/* End PBXResourcesBuildPhase section */

/* Begin PBXShellScriptBuildPhase section */
		D764AC0624288974001436AB /* ShellScript */ = {
			isa = PBXShellScriptBuildPhase;
			buildActionMask = 2147483647;
			files = (
			);
			inputFileListPaths = (
			);
			inputPaths = (
			);
			outputFileListPaths = (
			);
			outputPaths = (
			);
			runOnlyForDeploymentPostprocessing = 0;
			shellPath = /bin/sh;
			shellScript = "APP_PATH=\"${TARGET_BUILD_DIR}/${WRAPPER_NAME}\"\n\n# This script loops through the frameworks embedded in the application and\n# removes unused architectures.\nfind \"$APP_PATH\" -name '*.framework' -type d | while read -r FRAMEWORK\ndo\nFRAMEWORK_EXECUTABLE_NAME=$(defaults read \"$FRAMEWORK/Info.plist\" CFBundleExecutable)\nFRAMEWORK_EXECUTABLE_PATH=\"$FRAMEWORK/$FRAMEWORK_EXECUTABLE_NAME\"\necho \"Executable is $FRAMEWORK_EXECUTABLE_PATH\"\n\nEXTRACTED_ARCHS=()\n\nfor ARCH in $ARCHS\ndo\necho \"Extracting $ARCH from $FRAMEWORK_EXECUTABLE_NAME\"\nlipo -extract \"$ARCH\" \"$FRAMEWORK_EXECUTABLE_PATH\" -o \"$FRAMEWORK_EXECUTABLE_PATH-$ARCH\"\nEXTRACTED_ARCHS+=(\"$FRAMEWORK_EXECUTABLE_PATH-$ARCH\")\ndone\n\necho \"Merging extracted architectures: ${ARCHS}\"\nlipo -o \"$FRAMEWORK_EXECUTABLE_PATH-merged\" -create \"${EXTRACTED_ARCHS[@]}\"\nrm \"${EXTRACTED_ARCHS[@]}\"\n\necho \"Replacing original executable with thinned version\"\nrm \"$FRAMEWORK_EXECUTABLE_PATH\"\nmv \"$FRAMEWORK_EXECUTABLE_PATH-merged\" \"$FRAMEWORK_EXECUTABLE_PATH\"\n\ndone\n";
		};
/* End PBXShellScriptBuildPhase section */

/* Begin PBXSourcesBuildPhase section */
		D74CDDAC2424D6D0003173C3 /* Sources */ = {
			isa = PBXSourcesBuildPhase;
			buildActionMask = 2147483647;
			files = (
				D74CDDBB2424D6D0003173C3 /* ViewController.m in Sources */,
				D74CDDB52424D6D0003173C3 /* AppDelegate.m in Sources */,
				D74CDDC62424D6D1003173C3 /* main.m in Sources */,
			);
			runOnlyForDeploymentPostprocessing = 0;
		};
/* End PBXSourcesBuildPhase section */

/* Begin PBXVariantGroup section */
		D74CDDBC2424D6D0003173C3 /* Main.storyboard */ = {
			isa = PBXVariantGroup;
			children = (
				D74CDDBD2424D6D0003173C3 /* Base */,
			);
			name = Main.storyboard;
			sourceTree = "<group>";
		};
		D74CDDC12424D6D1003173C3 /* LaunchScreen.storyboard */ = {
			isa = PBXVariantGroup;
			children = (
				D74CDDC22424D6D1003173C3 /* Base */,
			);
			name = LaunchScreen.storyboard;
			sourceTree = "<group>";
		};
/* End PBXVariantGroup section */

/* Begin XCBuildConfiguration section */
		D74CDDC72424D6D1003173C3 /* Debug */ = {
			isa = XCBuildConfiguration;
			buildSettings = {
				ALWAYS_SEARCH_USER_PATHS = NO;
				CLANG_ANALYZER_NONNULL = YES;
				CLANG_ANALYZER_NUMBER_OBJECT_CONVERSION = YES_AGGRESSIVE;
				CLANG_CXX_LANGUAGE_STANDARD = "gnu++14";
				CLANG_CXX_LIBRARY = "libc++";
				CLANG_ENABLE_MODULES = YES;
				CLANG_ENABLE_OBJC_ARC = YES;
				CLANG_ENABLE_OBJC_WEAK = YES;
				CLANG_WARN_BLOCK_CAPTURE_AUTORELEASING = YES;
				CLANG_WARN_BOOL_CONVERSION = YES;
				CLANG_WARN_COMMA = YES;
				CLANG_WARN_CONSTANT_CONVERSION = YES;
				CLANG_WARN_DEPRECATED_OBJC_IMPLEMENTATIONS = YES;
				CLANG_WARN_DIRECT_OBJC_ISA_USAGE = YES_ERROR;
				CLANG_WARN_DOCUMENTATION_COMMENTS = YES;
				CLANG_WARN_EMPTY_BODY = YES;
				CLANG_WARN_ENUM_CONVERSION = YES;
				CLANG_WARN_INFINITE_RECURSION = YES;
				CLANG_WARN_INT_CONVERSION = YES;
				CLANG_WARN_NON_LITERAL_NULL_CONVERSION = YES;
				CLANG_WARN_OBJC_IMPLICIT_RETAIN_SELF = YES;
				CLANG_WARN_OBJC_LITERAL_CONVERSION = YES;
				CLANG_WARN_OBJC_ROOT_CLASS = YES_ERROR;
				CLANG_WARN_RANGE_LOOP_ANALYSIS = YES;
				CLANG_WARN_STRICT_PROTOTYPES = YES;
				CLANG_WARN_SUSPICIOUS_MOVE = YES;
				CLANG_WARN_UNGUARDED_AVAILABILITY = YES_AGGRESSIVE;
				CLANG_WARN_UNREACHABLE_CODE = YES;
				CLANG_WARN__DUPLICATE_METHOD_MATCH = YES;
				COPY_PHASE_STRIP = NO;
				DEBUG_INFORMATION_FORMAT = dwarf;
				ENABLE_STRICT_OBJC_MSGSEND = YES;
				ENABLE_TESTABILITY = YES;
				GCC_C_LANGUAGE_STANDARD = gnu11;
				GCC_DYNAMIC_NO_PIC = NO;
				GCC_NO_COMMON_BLOCKS = YES;
				GCC_OPTIMIZATION_LEVEL = 0;
				GCC_PREPROCESSOR_DEFINITIONS = (
					"DEBUG=1",
					"$(inherited)",
				);
				GCC_WARN_64_TO_32_BIT_CONVERSION = YES;
				GCC_WARN_ABOUT_RETURN_TYPE = YES_ERROR;
				GCC_WARN_UNDECLARED_SELECTOR = YES;
				GCC_WARN_UNINITIALIZED_AUTOS = YES_AGGRESSIVE;
				GCC_WARN_UNUSED_FUNCTION = YES;
				GCC_WARN_UNUSED_VARIABLE = YES;
				IPHONEOS_DEPLOYMENT_TARGET = 13.1;
				MTL_ENABLE_DEBUG_INFO = INCLUDE_SOURCE;
				MTL_FAST_MATH = YES;
				ONLY_ACTIVE_ARCH = YES;
				SDKROOT = iphoneos;
			};
			name = Debug;
		};
		D74CDDC82424D6D1003173C3 /* Release */ = {
			isa = XCBuildConfiguration;
			buildSettings = {
				ALWAYS_SEARCH_USER_PATHS = NO;
				CLANG_ANALYZER_NONNULL = YES;
				CLANG_ANALYZER_NUMBER_OBJECT_CONVERSION = YES_AGGRESSIVE;
				CLANG_CXX_LANGUAGE_STANDARD = "gnu++14";
				CLANG_CXX_LIBRARY = "libc++";
				CLANG_ENABLE_MODULES = YES;
				CLANG_ENABLE_OBJC_ARC = YES;
				CLANG_ENABLE_OBJC_WEAK = YES;
				CLANG_WARN_BLOCK_CAPTURE_AUTORELEASING = YES;
				CLANG_WARN_BOOL_CONVERSION = YES;
				CLANG_WARN_COMMA = YES;
				CLANG_WARN_CONSTANT_CONVERSION = YES;
				CLANG_WARN_DEPRECATED_OBJC_IMPLEMENTATIONS = YES;
				CLANG_WARN_DIRECT_OBJC_ISA_USAGE = YES_ERROR;
				CLANG_WARN_DOCUMENTATION_COMMENTS = YES;
				CLANG_WARN_EMPTY_BODY = YES;
				CLANG_WARN_ENUM_CONVERSION = YES;
				CLANG_WARN_INFINITE_RECURSION = YES;
				CLANG_WARN_INT_CONVERSION = YES;
				CLANG_WARN_NON_LITERAL_NULL_CONVERSION = YES;
				CLANG_WARN_OBJC_IMPLICIT_RETAIN_SELF = YES;
				CLANG_WARN_OBJC_LITERAL_CONVERSION = YES;
				CLANG_WARN_OBJC_ROOT_CLASS = YES_ERROR;
				CLANG_WARN_RANGE_LOOP_ANALYSIS = YES;
				CLANG_WARN_STRICT_PROTOTYPES = YES;
				CLANG_WARN_SUSPICIOUS_MOVE = YES;
				CLANG_WARN_UNGUARDED_AVAILABILITY = YES_AGGRESSIVE;
				CLANG_WARN_UNREACHABLE_CODE = YES;
				CLANG_WARN__DUPLICATE_METHOD_MATCH = YES;
				COPY_PHASE_STRIP = NO;
				DEBUG_INFORMATION_FORMAT = "dwarf-with-dsym";
				ENABLE_NS_ASSERTIONS = NO;
				ENABLE_STRICT_OBJC_MSGSEND = YES;
				GCC_C_LANGUAGE_STANDARD = gnu11;
				GCC_NO_COMMON_BLOCKS = YES;
				GCC_WARN_64_TO_32_BIT_CONVERSION = YES;
				GCC_WARN_ABOUT_RETURN_TYPE = YES_ERROR;
				GCC_WARN_UNDECLARED_SELECTOR = YES;
				GCC_WARN_UNINITIALIZED_AUTOS = YES_AGGRESSIVE;
				GCC_WARN_UNUSED_FUNCTION = YES;
				GCC_WARN_UNUSED_VARIABLE = YES;
				IPHONEOS_DEPLOYMENT_TARGET = 13.1;
				MTL_ENABLE_DEBUG_INFO = NO;
				MTL_FAST_MATH = YES;
				SDKROOT = iphoneos;
				VALIDATE_PRODUCT = YES;
			};
			name = Release;
		};
		D74CDDCA2424D6D1003173C3 /* Debug */ = {
			isa = XCBuildConfiguration;
			buildSettings = {
				ASSETCATALOG_COMPILER_APPICON_NAME = AppIcon;
				CODE_SIGN_STYLE = Automatic;
				DEVELOPMENT_TEAM = 5HF5GJFH94;
				ENABLE_BITCODE = NO;
				FRAMEWORK_SEARCH_PATHS = (
					"$(inherited)",
					"$(PROJECT_DIR)/TestCloudPhoneSDK",
				);
				INFOPLIST_FILE = TestCloudPhoneSDK/Info.plist;
				IPHONEOS_DEPLOYMENT_TARGET = 8.0;
				LD_RUNPATH_SEARCH_PATHS = (
					"$(inherited)",
					"@executable_path/Frameworks",
				);
				LIBRARY_SEARCH_PATHS = "$(SRCROOT)/LJCloudPhoneSDK.framework";
				PRODUCT_BUNDLE_IDENTIFIER = com.htrdit.TestCloudPhoneSDK;
				PRODUCT_NAME = "$(TARGET_NAME)";
				TARGETED_DEVICE_FAMILY = 1;
			};
			name = Debug;
		};
		D74CDDCB2424D6D1003173C3 /* Release */ = {
			isa = XCBuildConfiguration;
			buildSettings = {
				ASSETCATALOG_COMPILER_APPICON_NAME = AppIcon;
				CODE_SIGN_STYLE = Automatic;
				DEVELOPMENT_TEAM = 5HF5GJFH94;
				ENABLE_BITCODE = NO;
				FRAMEWORK_SEARCH_PATHS = (
					"$(inherited)",
					"$(PROJECT_DIR)/TestCloudPhoneSDK",
				);
				INFOPLIST_FILE = TestCloudPhoneSDK/Info.plist;
				IPHONEOS_DEPLOYMENT_TARGET = 8.0;
				LD_RUNPATH_SEARCH_PATHS = (
					"$(inherited)",
					"@executable_path/Frameworks",
				);
				LIBRARY_SEARCH_PATHS = "$(SRCROOT)/LJCloudPhoneSDK.framework";
				PRODUCT_BUNDLE_IDENTIFIER = com.htrdit.TestCloudPhoneSDK;
				PRODUCT_NAME = "$(TARGET_NAME)";
				TARGETED_DEVICE_FAMILY = 1;
			};
			name = Release;
		};
/* End XCBuildConfiguration section */

/* Begin XCConfigurationList section */
		D74CDDAB2424D6D0003173C3 /* Build configuration list for PBXProject "TestCloudPhoneSDK" */ = {
			isa = XCConfigurationList;
			buildConfigurations = (
				D74CDDC72424D6D1003173C3 /* Debug */,
				D74CDDC82424D6D1003173C3 /* Release */,
			);
			defaultConfigurationIsVisible = 0;
			defaultConfigurationName = Release;
		};
		D74CDDC92424D6D1003173C3 /* Build configuration list for PBXNativeTarget "TestCloudPhoneSDK" */ = {
			isa = XCConfigurationList;
			buildConfigurations = (
				D74CDDCA2424D6D1003173C3 /* Debug */,
				D74CDDCB2424D6D1003173C3 /* Release */,
			);
			defaultConfigurationIsVisible = 0;
			defaultConfigurationName = Release;
		};
/* End XCConfigurationList section */
	};
	rootObject = D74CDDA82424D6D0003173C3 /* Project object */;
}
